{
  "requires": true,
  "lockfileVersion": 1,
  "dependencies": {
    "@babel/runtime": {
      "version": "7.12.5",
      "resolved": "http://npm.paypal.com/artifactory/api/npm/npm-all/@babel/runtime/-/runtime-7.12.5.tgz",
      "integrity": "sha1-QQ5+SHRB4bNgwpvnFdhw2bmFiC4=",
      "requires": {
        "regenerator-runtime": "^0.13.4"
      }
    },
    "@fluentui/react-component-event-listener": {
      "version": "0.51.2",
      "resolved": "http://npm.paypal.com/artifactory/api/npm/npm-all/@fluentui/react-component-event-listener/-/react-component-event-listener-0.51.2.tgz",
      "integrity": "sha1-u0A8lqz6n7TqM48/K/ZuZyCFpMc=",
      "requires": {
        "@babel/runtime": "^7.10.4"
      }
    },
    "@fluentui/react-component-ref": {
      "version": "0.51.2",
      "resolved": "http://npm.paypal.com/artifactory/api/npm/npm-all/@fluentui/react-component-ref/-/react-component-ref-0.51.2.tgz",
      "integrity": "sha1-F9J85NqRThYqmsTz9KeBDRreZYo=",
      "requires": {
        "@babel/runtime": "^7.10.4",
        "react-is": "^16.6.3"
      }
    },
    "@popperjs/core": {
      "version": "2.5.4",
      "resolved": "http://npm.paypal.com/artifactory/api/npm/npm-all/@popperjs/core/-/core-2.5.4.tgz",
      "integrity": "sha1-3iW12p9yeYWjdX/Vm10Cirp1hBo="
    },
    "@semantic-ui-react/event-stack": {
      "version": "3.1.1",
      "resolved": "http://npm.paypal.com/artifactory/api/npm/npm-all/@semantic-ui-react/event-stack/-/event-stack-3.1.1.tgz",
      "integrity": "sha1-MmPRdRHbgadDFn/kUoGiSz62s8g=",
      "requires": {
        "exenv": "^1.2.2",
        "prop-types": "^15.6.2"
      }
    },
    "clsx": {
      "version": "1.1.1",
      "resolved": "http://npm.paypal.com/artifactory/api/npm/npm-all/clsx/-/clsx-1.1.1.tgz",
      "integrity": "sha1-mLMTT5q73yOyZjSRrOE8XAOnMYg="
    },
    "exenv": {
      "version": "1.2.2",
      "resolved": "http://npm.paypal.com/artifactory/api/npm/npm-all/exenv/-/exenv-1.2.2.tgz",
      "integrity": "sha1-KueOhdmJQVhnCwPUe+wfA72Ru50="
    },
    "jquery": {
      "version": "3.5.1",
      "resolved": "http://npm.paypal.com/artifactory/api/npm/npm-all/jquery/-/jquery-3.5.1.tgz",
      "integrity": "sha1-17TQjhv9uGrS8aPQOeoXMEcXq7U="
    },
    "js-tokens": {
      "version": "4.0.0",
      "resolved": "http://npm.paypal.com/artifactory/api/npm/npm-all/js-tokens/-/js-tokens-4.0.0.tgz",
      "integrity": "sha1-GSA/tZmR35jjoocFDUZHzerzJJk="
    },
    "keyboard-key": {
      "version": "1.1.0",
      "resolved": "http://npm.paypal.com/artifactory/api/npm/npm-all/keyboard-key/-/keyboard-key-1.1.0.tgz",
      "integrity": "sha1-by6ON/oRR1ux8dZdUXTxs1ZT9bc="
    },
    "lodash": {
      "version": "4.17.20",
      "resolved": "http://npm.paypal.com/artifactory/api/npm/npm-all/lodash/-/lodash-4.17.20.tgz",
      "integrity": "sha1-tEqbYpe8tpjxxRo1RaKzs2jVnFI="
    },
    "lodash-es": {
      "version": "4.17.15",
      "resolved": "http://npm.paypal.com/artifactory/api/npm/npm-all/lodash-es/-/lodash-es-4.17.15.tgz",
      "integrity": "sha1-Ib2Wg5NUQS8j16EDQOXqxu5FXXg="
    },
    "loose-envify": {
      "version": "1.4.0",
      "resolved": "http://npm.paypal.com/artifactory/api/npm/npm-all/loose-envify/-/loose-envify-1.4.0.tgz",
      "integrity": "sha1-ce5R+nvkyuwaY4OffmgtgTLTDK8=",
      "requires": {
        "js-tokens": "^3.0.0 || ^4.0.0"
      }
    },
    "object-assign": {
      "version": "4.1.1",
      "resolved": "http://npm.paypal.com/artifactory/api/npm/npm-all/object-assign/-/object-assign-4.1.1.tgz",
      "integrity": "sha1-IQmtx5ZYh8/AXLvUQsrIv7s2CGM="
    },
    "prop-types": {
      "version": "15.7.2",
      "resolved": "http://npm.paypal.com/artifactory/api/npm/npm-all/prop-types/-/prop-types-15.7.2.tgz",
      "integrity": "sha1-UsQedbjIfnK52TYOAga5ncv/psU=",
      "requires": {
        "loose-envify": "^1.4.0",
        "object-assign": "^4.1.1",
        "react-is": "^16.8.1"
      }
    },
    "react-fast-compare": {
      "version": "3.2.0",
      "resolved": "http://npm.paypal.com/artifactory/api/npm/npm-all/react-fast-compare/-/react-fast-compare-3.2.0.tgz",
      "integrity": "sha1-ZBqdqBtqYyDycOiXJPtFoLOeQ7s="
    },
    "react-is": {
      "version": "16.13.1",
      "resolved": "http://npm.paypal.com/artifactory/api/npm/npm-all/react-is/-/react-is-16.13.1.tgz",
      "integrity": "sha1-eJcppNw23imZ3BVt1sHZwYzqVqQ="
    },
    "react-popper": {
      "version": "2.2.4",
      "resolved": "http://npm.paypal.com/artifactory/api/npm/npm-all/react-popper/-/react-popper-2.2.4.tgz",
      "integrity": "sha1-0q09JHSsnxq/k98wmdQI5apqLiI=",
      "requires": {
        "react-fast-compare": "^3.0.1",
        "warning": "^4.0.2"
      }
    },
    "regenerator-runtime": {
      "version": "0.13.7",
      "resolved": "http://npm.paypal.com/artifactory/api/npm/npm-all/regenerator-runtime/-/regenerator-runtime-0.13.7.tgz",
      "integrity": "sha1-ysLazIoepnX+qrrriugziYrkb1U="
    },
    "semantic-ui-css": {
      "version": "2.4.1",
      "resolved": "http://npm.paypal.com/artifactory/api/npm/npm-all/semantic-ui-css/-/semantic-ui-css-2.4.1.tgz",
      "integrity": "sha1-9a6jn6+3h8vZBexyQnKj+cupAEo=",
      "requires": {
        "jquery": "x.*"
      }
    },
    "semantic-ui-react": {
      "version": "2.0.1",
      "resolved": "http://npm.paypal.com/artifactory/api/npm/npm-all/semantic-ui-react/-/semantic-ui-react-2.0.1.tgz",
      "integrity": "sha1-ppqmUAHEN64LPtdH0fQ+5bTohAc=",
      "requires": {
        "@babel/runtime": "^7.10.5",
        "@fluentui/react-component-event-listener": "~0.51.1",
        "@fluentui/react-component-ref": "~0.51.1",
        "@popperjs/core": "^2.5.2",
        "@semantic-ui-react/event-stack": "^3.1.0",
        "clsx": "^1.1.1",
        "keyboard-key": "^1.1.0",
        "lodash": "^4.17.19",
        "lodash-es": "^4.17.15",
        "prop-types": "^15.7.2",
        "react-is": "^16.8.6",
        "react-popper": "^2.2.3",
        "shallowequal": "^1.1.0"
      }
    },
    "shallowequal": {
      "version": "1.1.0",
      "resolved": "http://npm.paypal.com/artifactory/api/npm/npm-all/shallowequal/-/shallowequal-1.1.0.tgz",
      "integrity": "sha1-GI1SHelbkIdAT9TctosT3wrk5/g="
    },
    "warning": {
      "version": "4.0.3",
      "resolved": "http://npm.paypal.com/artifactory/api/npm/npm-all/warning/-/warning-4.0.3.tgz",
      "integrity": "sha1-Fungd+uKhtavfWSqHgX9hbRnjKM=",
      "requires": {
        "loose-envify": "^1.0.0"
      }
    }
  }
}
